<?xml version="1.0" encoding="utf-8"?>
<Project ToolsVersion="4.0" xmlns="http://schemas.microsoft.com/developer/msbuild/2003">
  <ItemGroup>
    <Filter Include="Source Files">
      <UniqueIdentifier>{4FC737F1-C7A5-4376-A066-2A32D752A2FF}</UniqueIdentifier>
      <Extensions>cpp;c;cc;cxx;def;odl;idl;hpj;bat;asm;asmx</Extensions>
    </Filter>
    <Filter Include="Header Files">
      <UniqueIdentifier>{93995380-89BD-4b04-88EB-625FBE52EBFB}</UniqueIdentifier>
      <Extensions>h;hh;hpp;hxx;hm;inl;inc;xsd</Extensions>
    </Filter>
    <Filter Include="Resource Files">
      <UniqueIdentifier>{67DA6AB6-F800-4c08-8B7A-83BB121AAD01}</UniqueIdentifier>
      <Extensions>rc;ico;cur;bmp;dlg;rc2;rct;bin;rgs;gif;jpg;jpeg;jpe;resx;tiff;tif;png;wav;mfcribbon-ms</Extensions>
    </Filter>
    <Filter Include="Header Files\dxManager">
      <UniqueIdentifier>{e2cfcb76-e64e-4653-93b3-c762bdb62c95}</UniqueIdentifier>
    </Filter>
    <Filter Include="Header Files\Objects">
      <UniqueIdentifier>{6f559031-cdb0-4fb1-a796-dd577b9d7274}</UniqueIdentifier>
    </Filter>
    <Filter Include="Source Files\dxManager">
      <UniqueIdentifier>{9af8ae12-14cc-4f66-b649-c061f851d5d5}</UniqueIdentifier>
    </Filter>
    <Filter Include="Source Files\Objects">
      <UniqueIdentifier>{93d6473c-785e-4b82-bb09-86f240f34251}</UniqueIdentifier>
    </Filter>
    <Filter Include="Header Files\Objects\StaticObjects">
      <UniqueIdentifier>{b1ce26be-e4ee-4a90-b494-7d4e0dba0701}</UniqueIdentifier>
    </Filter>
    <Filter Include="Header Files\Objects\MovableObjects">
      <UniqueIdentifier>{9ba0c057-8938-43ca-8d3c-205458f7e784}</UniqueIdentifier>
    </Filter>
    <Filter Include="Source Files\Objects\MovableObjects">
      <UniqueIdentifier>{a325d952-d117-483a-916a-ba40c0c99d39}</UniqueIdentifier>
    </Filter>
    <Filter Include="Source Files\Objects\StaticObjects">
      <UniqueIdentifier>{90416e57-addc-49cd-883f-680cfbd356d2}</UniqueIdentifier>
    </Filter>
    <Filter Include="Map">
      <UniqueIdentifier>{541888ef-6d86-45c5-b478-995a8a57c2c2}</UniqueIdentifier>
    </Filter>
  </ItemGroup>
  <ItemGroup>
    <ClInclude Include="dxManager.h">
      <Filter>Header Files\dxManager</Filter>
    </ClInclude>
    <ClInclude Include="MarioBros3.h">
      <Filter>Header Files</Filter>
    </ClInclude>
    <ClInclude Include="GameTime.h">
      <Filter>Header Files\dxManager</Filter>
    </ClInclude>
    <ClInclude Include="Camera.h">
      <Filter>Header Files\dxManager</Filter>
    </ClInclude>
    <ClInclude Include="BaseObject.h">
      <Filter>Header Files\Objects</Filter>
    </ClInclude>
    <ClInclude Include="StaticObject.h">
      <Filter>Header Files\Objects</Filter>
    </ClInclude>
    <ClInclude Include="MovableObject.h">
      <Filter>Header Files\Objects</Filter>
    </ClInclude>
    <ClInclude Include="MarioCharacter.h">
      <Filter>Header Files\Objects\MovableObjects</Filter>
    </ClInclude>
    <ClInclude Include="Map.h">
      <Filter>Map</Filter>
    </ClInclude>
    <ClInclude Include="Enemy.h">
      <Filter>Header Files\Objects\MovableObjects</Filter>
    </ClInclude>
    <ClInclude Include="Item.h">
      <Filter>Header Files\Objects\StaticObjects</Filter>
    </ClInclude>
    <ClInclude Include="Quadtree.h">
      <Filter>Map</Filter>
    </ClInclude>
    <ClInclude Include="QuadNode.h">
      <Filter>Map</Filter>
    </ClInclude>
    <ClInclude Include="Keyboard.h">
      <Filter>Header Files\dxManager</Filter>
    </ClInclude>
    <ClInclude Include="Animation.h">
      <Filter>Header Files\Objects</Filter>
    </ClInclude>
    <ClInclude Include="Collision.h">
      <Filter>Header Files\dxManager</Filter>
    </ClInclude>
    <ClInclude Include="PreventCamera.h">
      <Filter>Map</Filter>
    </ClInclude>
    <ClInclude Include="PreTurtle.h">
      <Filter>Map</Filter>
    </ClInclude>
    <ClInclude Include="Brick.h">
      <Filter>Header Files\Objects\StaticObjects</Filter>
    </ClInclude>
    <ClInclude Include="BrickFrag.h">
      <Filter>Header Files\Objects\MovableObjects</Filter>
    </ClInclude>
    <ClInclude Include="Bullet.h">
      <Filter>Header Files\Objects\MovableObjects</Filter>
    </ClInclude>
    <ClInclude Include="CCoin.h">
      <Filter>Header Files\Objects\MovableObjects</Filter>
    </ClInclude>
    <ClInclude Include="Flower.h">
      <Filter>Header Files\Objects\MovableObjects</Filter>
    </ClInclude>
    <ClInclude Include="Ground.h">
      <Filter>Header Files\Objects\StaticObjects</Filter>
    </ClInclude>
    <ClInclude Include="IMushroom.h">
      <Filter>Header Files\Objects\MovableObjects</Filter>
    </ClInclude>
    <ClInclude Include="LifeUp.h">
      <Filter>Header Files\Objects\MovableObjects</Filter>
    </ClInclude>
    <ClInclude Include="MarioTail.h">
      <Filter>Header Files\Objects\MovableObjects</Filter>
    </ClInclude>
    <ClInclude Include="Mushroom.h">
      <Filter>Header Files\Objects\MovableObjects</Filter>
    </ClInclude>
    <ClInclude Include="Rectangle.h">
      <Filter>Header Files\Objects</Filter>
    </ClInclude>
    <ClInclude Include="UnknownBox.h">
      <Filter>Header Files\Objects\StaticObjects</Filter>
    </ClInclude>
    <ClInclude Include="SweptAABB.h">
      <Filter>Header Files\dxManager</Filter>
    </ClInclude>
    <ClInclude Include="PBox.h">
      <Filter>Header Files\Objects\StaticObjects</Filter>
    </ClInclude>
    <ClInclude Include="Point.h">
      <Filter>Header Files\Objects</Filter>
    </ClInclude>
    <ClInclude Include="Sewer.h">
      <Filter>Header Files\Objects\StaticObjects</Filter>
    </ClInclude>
    <ClInclude Include="Sprite.h">
      <Filter>Header Files\Objects</Filter>
    </ClInclude>
    <ClInclude Include="SpriteManager.h">
      <Filter>Header Files\Objects</Filter>
    </ClInclude>
    <ClInclude Include="Turtle.h">
      <Filter>Header Files\Objects\MovableObjects</Filter>
    </ClInclude>
  </ItemGroup>
  <ItemGroup>
    <ClCompile Include="dxManager.cpp">
      <Filter>Source Files\dxManager</Filter>
    </ClCompile>
    <ClCompile Include="MarioBros3.cpp">
      <Filter>Source Files</Filter>
    </ClCompile>
    <ClCompile Include="MainGame.cpp">
      <Filter>Source Files</Filter>
    </ClCompile>
    <ClCompile Include="GameTime.cpp">
      <Filter>Source Files\dxManager</Filter>
    </ClCompile>
    <ClCompile Include="Camera.cpp">
      <Filter>Source Files\dxManager</Filter>
    </ClCompile>
    <ClCompile Include="BaseObject.cpp">
      <Filter>Source Files\Objects</Filter>
    </ClCompile>
    <ClCompile Include="StaticObject.cpp">
      <Filter>Source Files\Objects</Filter>
    </ClCompile>
    <ClCompile Include="MovableObject.cpp">
      <Filter>Source Files\Objects</Filter>
    </ClCompile>
    <ClCompile Include="MarioCharacter.cpp">
      <Filter>Source Files\Objects\MovableObjects</Filter>
    </ClCompile>
    <ClCompile Include="Map.cpp">
      <Filter>Map</Filter>
    </ClCompile>
    <ClCompile Include="Enemy.cpp">
      <Filter>Source Files\Objects\MovableObjects</Filter>
    </ClCompile>
    <ClCompile Include="Item.cpp">
      <Filter>Source Files\Objects\StaticObjects</Filter>
    </ClCompile>
    <ClCompile Include="Flower.cpp">
      <Filter>Source Files\Objects\MovableObjects</Filter>
    </ClCompile>
    <ClCompile Include="IMushroom.cpp">
      <Filter>Source Files\Objects\MovableObjects</Filter>
    </ClCompile>
    <ClCompile Include="MarioTail.cpp">
      <Filter>Source Files\Objects\MovableObjects</Filter>
    </ClCompile>
    <ClCompile Include="Mushroom.cpp">
      <Filter>Source Files\Objects\MovableObjects</Filter>
    </ClCompile>
    <ClCompile Include="Turtle.cpp">
      <Filter>Source Files\Objects\MovableObjects</Filter>
    </ClCompile>
    <ClCompile Include="UnknownBox.cpp">
      <Filter>Source Files\Objects\StaticObjects</Filter>
    </ClCompile>
    <ClCompile Include="Sewer.cpp">
      <Filter>Source Files\Objects\StaticObjects</Filter>
    </ClCompile>
    <ClCompile Include="Ground.cpp">
      <Filter>Source Files\Objects\StaticObjects</Filter>
    </ClCompile>
    <ClCompile Include="Bullet.cpp">
      <Filter>Source Files\Objects\MovableObjects</Filter>
    </ClCompile>
    <ClCompile Include="Brick.cpp">
      <Filter>Source Files\Objects\StaticObjects</Filter>
    </ClCompile>
    <ClCompile Include="Quadtree.cpp">
      <Filter>Map</Filter>
    </ClCompile>
    <ClCompile Include="QuadNode.cpp">
      <Filter>Map</Filter>
    </ClCompile>
    <ClCompile Include="PreventCamera.cpp">
      <Filter>Map</Filter>
    </ClCompile>
    <ClCompile Include="Keyboard.cpp">
      <Filter>Header Files\dxManager</Filter>
    </ClCompile>
    <ClCompile Include="Animation.cpp">
      <Filter>Source Files\Objects</Filter>
    </ClCompile>
    <ClCompile Include="BrickFrag.cpp">
      <Filter>Source Files\Objects\MovableObjects</Filter>
    </ClCompile>
    <ClCompile Include="LifeUp.cpp">
      <Filter>Source Files\Objects\MovableObjects</Filter>
    </ClCompile>
    <ClCompile Include="Collision.cpp">
      <Filter>Header Files\dxManager</Filter>
    </ClCompile>
    <ClCompile Include="PBox.cpp">
      <Filter>Source Files\Objects\StaticObjects</Filter>
    </ClCompile>
    <ClCompile Include="Point.cpp">
      <Filter>Source Files\Objects</Filter>
    </ClCompile>
    <ClCompile Include="PreTurtle.cpp">
      <Filter>Map</Filter>
    </ClCompile>
    <ClCompile Include="Rectangle.cpp">
      <Filter>Source Files\Objects</Filter>
    </ClCompile>
    <ClCompile Include="Sprite.cpp">
      <Filter>Source Files\Objects</Filter>
    </ClCompile>
    <ClCompile Include="SpriteManager.cpp">
      <Filter>Source Files\Objects</Filter>
    </ClCompile>
    <ClCompile Include="CCoin.cpp">
      <Filter>Source Files\Objects\MovableObjects</Filter>
    </ClCompile>
  </ItemGroup>
</Project>