<?xml version="1.0" encoding="utf-8"?>
<Project ToolsVersion="4.0" xmlns="http://schemas.microsoft.com/developer/msbuild/2003">
  <ItemGroup>
    <Filter Include="Source Files">
      <UniqueIdentifier>{4FC737F1-C7A5-4376-A066-2A32D752A2FF}</UniqueIdentifier>
      <Extensions>cpp;c;cc;cxx;def;odl;idl;hpj;bat;asm;asmx</Extensions>
    </Filter>
    <Filter Include="Header Files">
      <UniqueIdentifier>{93995380-89BD-4b04-88EB-625FBE52EBFB}</UniqueIdentifier>
      <Extensions>h;hh;hpp;hxx;hm;inl;inc;xsd</Extensions>
    </Filter>
    <Filter Include="Resource Files">
      <UniqueIdentifier>{67DA6AB6-F800-4c08-8B7A-83BB121AAD01}</UniqueIdentifier>
      <Extensions>rc;ico;cur;bmp;dlg;rc2;rct;bin;rgs;gif;jpg;jpeg;jpe;resx;tiff;tif;png;wav;mfcribbon-ms</Extensions>
    </Filter>
    <Filter Include="Header Files\dxManager">
      <UniqueIdentifier>{860f879d-c83d-4523-838c-9b20aa7006a1}</UniqueIdentifier>
    </Filter>
    <Filter Include="Source Files\dxManager">
      <UniqueIdentifier>{33433165-56fe-45de-b97d-d79519f8d7a9}</UniqueIdentifier>
    </Filter>
    <Filter Include="Source Files\Objects">
      <UniqueIdentifier>{2842b7d3-f866-49de-9e9b-42162c8a6177}</UniqueIdentifier>
    </Filter>
    <Filter Include="Header Files\Objects">
      <UniqueIdentifier>{c564f354-2463-4132-96f7-c862e664dfd0}</UniqueIdentifier>
    </Filter>
  </ItemGroup>
  <ItemGroup>
    <ClInclude Include="Animation.h">
      <Filter>Header Files\dxManager</Filter>
    </ClInclude>
    <ClInclude Include="Camera.h">
      <Filter>Header Files\dxManager</Filter>
    </ClInclude>
    <ClInclude Include="Collision.h">
      <Filter>Header Files\dxManager</Filter>
    </ClInclude>
    <ClInclude Include="dxManager.h">
      <Filter>Header Files\dxManager</Filter>
    </ClInclude>
    <ClInclude Include="GameTime.h">
      <Filter>Header Files\dxManager</Filter>
    </ClInclude>
    <ClInclude Include="Keyboard.h">
      <Filter>Header Files\dxManager</Filter>
    </ClInclude>
    <ClInclude Include="Sprite.h">
      <Filter>Header Files\dxManager</Filter>
    </ClInclude>
    <ClInclude Include="SweptAABB.h">
      <Filter>Header Files\dxManager</Filter>
    </ClInclude>
    <ClInclude Include="dxaudio.h">
      <Filter>Header Files\dxManager</Filter>
    </ClInclude>
    <ClInclude Include="Variables.h">
      <Filter>Header Files\dxManager</Filter>
    </ClInclude>
    <ClInclude Include="Point.h">
      <Filter>Header Files\Objects</Filter>
    </ClInclude>
    <ClInclude Include="Rectangle.h">
      <Filter>Header Files\Objects</Filter>
    </ClInclude>
    <ClInclude Include="BaseObject.h">
      <Filter>Header Files\Objects</Filter>
    </ClInclude>
  </ItemGroup>
  <ItemGroup>
    <ClCompile Include="Animation.cpp">
      <Filter>Source Files\dxManager</Filter>
    </ClCompile>
    <ClCompile Include="Camera.cpp">
      <Filter>Source Files\dxManager</Filter>
    </ClCompile>
    <ClCompile Include="Collision.cpp">
      <Filter>Source Files\dxManager</Filter>
    </ClCompile>
    <ClCompile Include="dxaudio.cpp">
      <Filter>Source Files\dxManager</Filter>
    </ClCompile>
    <ClCompile Include="dxManager.cpp">
      <Filter>Source Files\dxManager</Filter>
    </ClCompile>
    <ClCompile Include="GameTime.cpp">
      <Filter>Source Files\dxManager</Filter>
    </ClCompile>
    <ClCompile Include="Keyboard.cpp">
      <Filter>Source Files\dxManager</Filter>
    </ClCompile>
    <ClCompile Include="Sprite.cpp">
      <Filter>Source Files\dxManager</Filter>
    </ClCompile>
    <ClCompile Include="Variables.cpp">
      <Filter>Source Files\dxManager</Filter>
    </ClCompile>
    <ClCompile Include="Point.cpp">
      <Filter>Source Files\Objects</Filter>
    </ClCompile>
    <ClCompile Include="Rectangle.cpp">
      <Filter>Source Files\Objects</Filter>
    </ClCompile>
    <ClCompile Include="BaseObject.cpp">
      <Filter>Source Files\Objects</Filter>
    </ClCompile>
  </ItemGroup>
</Project>